// !$*UTF8*$!
{
	archiveVersion = 1;
	classes = {
	};
	objectVersion = 46;
	objects = {

/* Begin PBXBuildFile section */
		A6A9242A1AF933A1002AA281 /* Foundation.framework in Frameworks */ = {isa = PBXBuildFile; fileRef = A6A924291AF933A1002AA281 /* Foundation.framework */; };
		A6A9242C1AF933A1002AA281 /* CoreGraphics.framework in Frameworks */ = {isa = PBXBuildFile; fileRef = A6A9242B1AF933A1002AA281 /* CoreGraphics.framework */; };
		A6A9242E1AF933A1002AA281 /* UIKit.framework in Frameworks */ = {isa = PBXBuildFile; fileRef = A6A9242D1AF933A1002AA281 /* UIKit.framework */; };
		A6A924341AF933A1002AA281 /* InfoPlist.strings in Resources */ = {isa = PBXBuildFile; fileRef = A6A924321AF933A1002AA281 /* InfoPlist.strings */; };
		A6A924361AF933A1002AA281 /* main.m in Sources */ = {isa = PBXBuildFile; fileRef = A6A924351AF933A1002AA281 /* main.m */; };
		A6A9243A1AF933A1002AA281 /* FTAppDelegate.m in Sources */ = {isa = PBXBuildFile; fileRef = A6A924391AF933A1002AA281 /* FTAppDelegate.m */; };
		A6A9243D1AF933A1002AA281 /* Main.storyboard in Resources */ = {isa = PBXBuildFile; fileRef = A6A9243B1AF933A1002AA281 /* Main.storyboard */; };
		A6A924401AF933A1002AA281 /* FTViewController.m in Sources */ = {isa = PBXBuildFile; fileRef = A6A9243F1AF933A1002AA281 /* FTViewController.m */; };
		A6A924421AF933A1002AA281 /* Images.xcassets in Resources */ = {isa = PBXBuildFile; fileRef = A6A924411AF933A1002AA281 /* Images.xcassets */; };
		A6A924491AF933A1002AA281 /* XCTest.framework in Frameworks */ = {isa = PBXBuildFile; fileRef = A6A924481AF933A1002AA281 /* XCTest.framework */; };
		A6A9244A1AF933A1002AA281 /* Foundation.framework in Frameworks */ = {isa = PBXBuildFile; fileRef = A6A924291AF933A1002AA281 /* Foundation.framework */; };
		A6A9244B1AF933A1002AA281 /* UIKit.framework in Frameworks */ = {isa = PBXBuildFile; fileRef = A6A9242D1AF933A1002AA281 /* UIKit.framework */; };
		A6A924531AF933A1002AA281 /* InfoPlist.strings in Resources */ = {isa = PBXBuildFile; fileRef = A6A924511AF933A1002AA281 /* InfoPlist.strings */; };
		A6A924551AF933A1002AA281 /* HomeScreen1Tests.m in Sources */ = {isa = PBXBuildFile; fileRef = A6A924541AF933A1002AA281 /* HomeScreen1Tests.m */; };
		A6A924631AF9561A002AA281 /* HomeApp.m in Sources */ = {isa = PBXBuildFile; fileRef = A6A924621AF9561A002AA281 /* HomeApp.m */; };
/* End PBXBuildFile section */

/* Begin PBXContainerItemProxy section */
		A6A9244C1AF933A1002AA281 /* PBXContainerItemProxy */ = {
			isa = PBXContainerItemProxy;
			containerPortal = A6A9241E1AF933A0002AA281 /* Project object */;
			proxyType = 1;
			remoteGlobalIDString = A6A924251AF933A0002AA281;
			remoteInfo = HomeScreen1;
		};
/* End PBXContainerItemProxy section */

/* Begin PBXFileReference section */
		A6A924261AF933A0002AA281 /* HomeScreen1.app */ = {isa = PBXFileReference; explicitFileType = wrapper.application; includeInIndex = 0; path = HomeScreen1.app; sourceTree = BUILT_PRODUCTS_DIR; };
		A6A924291AF933A1002AA281 /* Foundation.framework */ = {isa = PBXFileReference; lastKnownFileType = wrapper.framework; name = Foundation.framework; path = System/Library/Frameworks/Foundation.framework; sourceTree = SDKROOT; };
		A6A9242B1AF933A1002AA281 /* CoreGraphics.framework */ = {isa = PBXFileReference; lastKnownFileType = wrapper.framework; name = CoreGraphics.framework; path = System/Library/Frameworks/CoreGraphics.framework; sourceTree = SDKROOT; };
		A6A9242D1AF933A1002AA281 /* UIKit.framework */ = {isa = PBXFileReference; lastKnownFileType = wrapper.framework; name = UIKit.framework; path = System/Library/Frameworks/UIKit.framework; sourceTree = SDKROOT; };
		A6A924311AF933A1002AA281 /* HomeScreen1-Info.plist */ = {isa = PBXFileReference; lastKnownFileType = text.plist.xml; path = "HomeScreen1-Info.plist"; sourceTree = "<group>"; };
		A6A924331AF933A1002AA281 /* en */ = {isa = PBXFileReference; lastKnownFileType = text.plist.strings; name = en; path = en.lproj/InfoPlist.strings; sourceTree = "<group>"; };
		A6A924351AF933A1002AA281 /* main.m */ = {isa = PBXFileReference; lastKnownFileType = sourcecode.c.objc; path = main.m; sourceTree = "<group>"; };
		A6A924371AF933A1002AA281 /* HomeScreen1-Prefix.pch */ = {isa = PBXFileReference; lastKnownFileType = sourcecode.c.h; path = "HomeScreen1-Prefix.pch"; sourceTree = "<group>"; };
		A6A924381AF933A1002AA281 /* FTAppDelegate.h */ = {isa = PBXFileReference; lastKnownFileType = sourcecode.c.h; path = FTAppDelegate.h; sourceTree = "<group>"; };
		A6A924391AF933A1002AA281 /* FTAppDelegate.m */ = {isa = PBXFileReference; lastKnownFileType = sourcecode.c.objc; path = FTAppDelegate.m; sourceTree = "<group>"; };
		A6A9243C1AF933A1002AA281 /* Base */ = {isa = PBXFileReference; lastKnownFileType = file.storyboard; name = Base; path = Base.lproj/Main.storyboard; sourceTree = "<group>"; };
		A6A9243E1AF933A1002AA281 /* FTViewController.h */ = {isa = PBXFileReference; lastKnownFileType = sourcecode.c.h; path = FTViewController.h; sourceTree = "<group>"; };
		A6A9243F1AF933A1002AA281 /* FTViewController.m */ = {isa = PBXFileReference; lastKnownFileType = sourcecode.c.objc; path = FTViewController.m; sourceTree = "<group>"; };
		A6A924411AF933A1002AA281 /* Images.xcassets */ = {isa = PBXFileReference; lastKnownFileType = folder.assetcatalog; path = Images.xcassets; sourceTree = "<group>"; };
		A6A924471AF933A1002AA281 /* HomeScreen1Tests.xctest */ = {isa = PBXFileReference; explicitFileType = wrapper.cfbundle; includeInIndex = 0; path = HomeScreen1Tests.xctest; sourceTree = BUILT_PRODUCTS_DIR; };
		A6A924481AF933A1002AA281 /* XCTest.framework */ = {isa = PBXFileReference; lastKnownFileType = wrapper.framework; name = XCTest.framework; path = Library/Frameworks/XCTest.framework; sourceTree = DEVELOPER_DIR; };
		A6A924501AF933A1002AA281 /* HomeScreen1Tests-Info.plist */ = {isa = PBXFileReference; lastKnownFileType = text.plist.xml; path = "HomeScreen1Tests-Info.plist"; sourceTree = "<group>"; };
		A6A924521AF933A1002AA281 /* en */ = {isa = PBXFileReference; lastKnownFileType = text.plist.strings; name = en; path = en.lproj/InfoPlist.strings; sourceTree = "<group>"; };
		A6A924541AF933A1002AA281 /* HomeScreen1Tests.m */ = {isa = PBXFileReference; lastKnownFileType = sourcecode.c.objc; path = HomeScreen1Tests.m; sourceTree = "<group>"; };
		A6A924611AF9561A002AA281 /* HomeApp.h */ = {isa = PBXFileReference; fileEncoding = 4; lastKnownFileType = sourcecode.c.h; path = HomeApp.h; sourceTree = "<group>"; };
		A6A924621AF9561A002AA281 /* HomeApp.m */ = {isa = PBXFileReference; fileEncoding = 4; lastKnownFileType = sourcecode.c.objc; path = HomeApp.m; sourceTree = "<group>"; };
/* End PBXFileReference section */

/* Begin PBXFrameworksBuildPhase section */
		A6A924231AF933A0002AA281 /* Frameworks */ = {
			isa = PBXFrameworksBuildPhase;
			buildActionMask = 2147483647;
			files = (
				A6A9242C1AF933A1002AA281 /* CoreGraphics.framework in Frameworks */,
				A6A9242E1AF933A1002AA281 /* UIKit.framework in Frameworks */,
				A6A9242A1AF933A1002AA281 /* Foundation.framework in Frameworks */,
			);
			runOnlyForDeploymentPostprocessing = 0;
		};
		A6A924441AF933A1002AA281 /* Frameworks */ = {
			isa = PBXFrameworksBuildPhase;
			buildActionMask = 2147483647;
			files = (
				A6A924491AF933A1002AA281 /* XCTest.framework in Frameworks */,
				A6A9244B1AF933A1002AA281 /* UIKit.framework in Frameworks */,
				A6A9244A1AF933A1002AA281 /* Foundation.framework in Frameworks */,
			);
			runOnlyForDeploymentPostprocessing = 0;
		};
/* End PBXFrameworksBuildPhase section */

/* Begin PBXGroup section */
		A6A9241D1AF933A0002AA281 = {
			isa = PBXGroup;
			children = (
				A6A924611AF9561A002AA281 /* HomeApp.h */,
				A6A924621AF9561A002AA281 /* HomeApp.m */,
				A6A9242F1AF933A1002AA281 /* HomeScreen1 */,
				A6A9244E1AF933A1002AA281 /* HomeScreen1Tests */,
				A6A924281AF933A1002AA281 /* Frameworks */,
				A6A924271AF933A0002AA281 /* Products */,
			);
			sourceTree = "<group>";
		};
		A6A924271AF933A0002AA281 /* Products */ = {
			isa = PBXGroup;
			children = (
				A6A924261AF933A0002AA281 /* HomeScreen1.app */,
				A6A924471AF933A1002AA281 /* HomeScreen1Tests.xctest */,
			);
			name = Products;
			sourceTree = "<group>";
		};
		A6A924281AF933A1002AA281 /* Frameworks */ = {
			isa = PBXGroup;
			children = (
				A6A924291AF933A1002AA281 /* Foundation.framework */,
				A6A9242B1AF933A1002AA281 /* CoreGraphics.framework */,
				A6A9242D1AF933A1002AA281 /* UIKit.framework */,
				A6A924481AF933A1002AA281 /* XCTest.framework */,
			);
			name = Frameworks;
			sourceTree = "<group>";
		};
		A6A9242F1AF933A1002AA281 /* HomeScreen1 */ = {
			isa = PBXGroup;
			children = (
				A6A924381AF933A1002AA281 /* FTAppDelegate.h */,
				A6A924391AF933A1002AA281 /* FTAppDelegate.m */,
				A6A9243B1AF933A1002AA281 /* Main.storyboard */,
				A6A9243E1AF933A1002AA281 /* FTViewController.h */,
				A6A9243F1AF933A1002AA281 /* FTViewController.m */,
				A6A924411AF933A1002AA281 /* Images.xcassets */,
				A6A924301AF933A1002AA281 /* Supporting Files */,
			);
			path = HomeScreen1;
			sourceTree = "<group>";
		};
		A6A924301AF933A1002AA281 /* Supporting Files */ = {
			isa = PBXGroup;
			children = (
				A6A924311AF933A1002AA281 /* HomeScreen1-Info.plist */,
				A6A924321AF933A1002AA281 /* InfoPlist.strings */,
				A6A924351AF933A1002AA281 /* main.m */,
				A6A924371AF933A1002AA281 /* HomeScreen1-Prefix.pch */,
			);
			name = "Supporting Files";
			sourceTree = "<group>";
		};
		A6A9244E1AF933A1002AA281 /* HomeScreen1Tests */ = {
			isa = PBXGroup;
			children = (
				A6A924541AF933A1002AA281 /* HomeScreen1Tests.m */,
				A6A9244F1AF933A1002AA281 /* Supporting Files */,
			);
			path = HomeScreen1Tests;
			sourceTree = "<group>";
		};
		A6A9244F1AF933A1002AA281 /* Supporting Files */ = {
			isa = PBXGroup;
			children = (
				A6A924501AF933A1002AA281 /* HomeScreen1Tests-Info.plist */,
				A6A924511AF933A1002AA281 /* InfoPlist.strings */,
			);
			name = "Supporting Files";
			sourceTree = "<group>";
		};
/* End PBXGroup section */

/* Begin PBXNativeTarget section */
		A6A924251AF933A0002AA281 /* HomeScreen1 */ = {
			isa = PBXNativeTarget;
			buildConfigurationList = A6A924581AF933A1002AA281 /* Build configuration list for PBXNativeTarget "HomeScreen1" */;
			buildPhases = (
				A6A924221AF933A0002AA281 /* Sources */,
				A6A924231AF933A0002AA281 /* Frameworks */,
				A6A924241AF933A0002AA281 /* Resources */,
			);
			buildRules = (
			);
			dependencies = (
			);
			name = HomeScreen1;
			productName = HomeScreen1;
			productReference = A6A924261AF933A0002AA281 /* HomeScreen1.app */;
			productType = "com.apple.product-type.application";
		};
		A6A924461AF933A1002AA281 /* HomeScreen1Tests */ = {
			isa = PBXNativeTarget;
			buildConfigurationList = A6A9245B1AF933A1002AA281 /* Build configuration list for PBXNativeTarget "HomeScreen1Tests" */;
			buildPhases = (
				A6A924431AF933A1002AA281 /* Sources */,
				A6A924441AF933A1002AA281 /* Frameworks */,
				A6A924451AF933A1002AA281 /* Resources */,
			);
			buildRules = (
			);
			dependencies = (
				A6A9244D1AF933A1002AA281 /* PBXTargetDependency */,
			);
			name = HomeScreen1Tests;
			productName = HomeScreen1Tests;
			productReference = A6A924471AF933A1002AA281 /* HomeScreen1Tests.xctest */;
			productType = "com.apple.product-type.bundle.unit-test";
		};
/* End PBXNativeTarget section */

/* Begin PBXProject section */
		A6A9241E1AF933A0002AA281 /* Project object */ = {
			isa = PBXProject;
			attributes = {
				CLASSPREFIX = FT;
				LastUpgradeCheck = 0510;
				ORGANIZATIONNAME = "___FULLUSERNAME___";
				TargetAttributes = {
					A6A924461AF933A1002AA281 = {
						TestTargetID = A6A924251AF933A0002AA281;
					};
				};
			};
			buildConfigurationList = A6A924211AF933A0002AA281 /* Build configuration list for PBXProject "HomeScreen1" */;
			compatibilityVersion = "Xcode 3.2";
			developmentRegion = English;
			hasScannedForEncodings = 0;
			knownRegions = (
				en,
				Base,
			);
			mainGroup = A6A9241D1AF933A0002AA281;
			productRefGroup = A6A924271AF933A0002AA281 /* Products */;
			projectDirPath = "";
			projectRoot = "";
			targets = (
				A6A924251AF933A0002AA281 /* HomeScreen1 */,
				A6A924461AF933A1002AA281 /* HomeScreen1Tests */,
			);
		};
/* End PBXProject section */

/* Begin PBXResourcesBuildPhase section */
		A6A924241AF933A0002AA281 /* Resources */ = {
			isa = PBXResourcesBuildPhase;
			buildActionMask = 2147483647;
			files = (
				A6A924421AF933A1002AA281 /* Images.xcassets in Resources */,
				A6A924341AF933A1002AA281 /* InfoPlist.strings in Resources */,
				A6A9243D1AF933A1002AA281 /* Main.storyboard in Resources */,
			);
			runOnlyForDeploymentPostprocessing = 0;
		};
		A6A924451AF933A1002AA281 /* Resources */ = {
			isa = PBXResourcesBuildPhase;
			buildActionMask = 2147483647;
			files = (
				A6A924531AF933A1002AA281 /* InfoPlist.strings in Resources */,
			);
			runOnlyForDeploymentPostprocessing = 0;
		};
/* End PBXResourcesBuildPhase section */

/* Begin PBXSourcesBuildPhase section */
		A6A924221AF933A0002AA281 /* Sources */ = {
			isa = PBXSourcesBuildPhase;
			buildActionMask = 2147483647;
			files = (
				A6A9243A1AF933A1002AA281 /* FTAppDelegate.m in Sources */,
				A6A924361AF933A1002AA281 /* main.m in Sources */,
				A6A924631AF9561A002AA281 /* HomeApp.m in Sources */,
				A6A924401AF933A1002AA281 /* FTViewController.m in Sources */,
			);
			runOnlyForDeploymentPostprocessing = 0;
		};
		A6A924431AF933A1002AA281 /* Sources */ = {
			isa = PBXSourcesBuildPhase;
			buildActionMask = 2147483647;
			files = (
				A6A924551AF933A1002AA281 /* HomeScreen1Tests.m in Sources */,
			);
			runOnlyForDeploymentPostprocessing = 0;
		};
/* End PBXSourcesBuildPhase section */

/* Begin PBXTargetDependency section */
		A6A9244D1AF933A1002AA281 /* PBXTargetDependency */ = {
			isa = PBXTargetDependency;
			target = A6A924251AF933A0002AA281 /* HomeScreen1 */;
			targetProxy = A6A9244C1AF933A1002AA281 /* PBXContainerItemProxy */;
		};
/* End PBXTargetDependency section */

/* Begin PBXVariantGroup section */
		A6A924321AF933A1002AA281 /* InfoPlist.strings */ = {
			isa = PBXVariantGroup;
			children = (
				A6A924331AF933A1002AA281 /* en */,
			);
			name = InfoPlist.strings;
			sourceTree = "<group>";
		};
		A6A9243B1AF933A1002AA281 /* Main.storyboard */ = {
			isa = PBXVariantGroup;
			children = (
				A6A9243C1AF933A1002AA281 /* Base */,
			);
			name = Main.storyboard;
			sourceTree = "<group>";
		};
		A6A924511AF933A1002AA281 /* InfoPlist.strings */ = {
			isa = PBXVariantGroup;
			children = (
				A6A924521AF933A1002AA281 /* en */,
			);
			name = InfoPlist.strings;
			sourceTree = "<group>";
		};
/* End PBXVariantGroup section */

/* Begin XCBuildConfiguration section */
		A6A924561AF933A1002AA281 /* Debug */ = {
			isa = XCBuildConfiguration;
			buildSettings = {
				ALWAYS_SEARCH_USER_PATHS = NO;
				CLANG_CXX_LANGUAGE_STANDARD = "gnu++0x";
				CLANG_CXX_LIBRARY = "libc++";
				CLANG_ENABLE_MODULES = YES;
				CLANG_ENABLE_OBJC_ARC = YES;
				CLANG_WARN_BOOL_CONVERSION = YES;
				CLANG_WARN_CONSTANT_CONVERSION = YES;
				CLANG_WARN_DIRECT_OBJC_ISA_USAGE = YES_ERROR;
				CLANG_WARN_EMPTY_BODY = YES;
				CLANG_WARN_ENUM_CONVERSION = YES;
				CLANG_WARN_INT_CONVERSION = YES;
				CLANG_WARN_OBJC_ROOT_CLASS = YES_ERROR;
				CLANG_WARN__DUPLICATE_METHOD_MATCH = YES;
				"CODE_SIGN_IDENTITY[sdk=iphoneos*]" = "iPhone Developer";
				COPY_PHASE_STRIP = NO;
				GCC_C_LANGUAGE_STANDARD = gnu99;
				GCC_DYNAMIC_NO_PIC = NO;
				GCC_OPTIMIZATION_LEVEL = 0;
				GCC_PREPROCESSOR_DEFINITIONS = (
					"DEBUG=1",
					"$(inherited)",
				);
				GCC_SYMBOLS_PRIVATE_EXTERN = NO;
				GCC_WARN_64_TO_32_BIT_CONVERSION = YES;
				GCC_WARN_ABOUT_RETURN_TYPE = YES_ERROR;
				GCC_WARN_UNDECLARED_SELECTOR = YES;
				GCC_WARN_UNINITIALIZED_AUTOS = YES_AGGRESSIVE;
				GCC_WARN_UNUSED_FUNCTION = YES;
				GCC_WARN_UNUSED_VARIABLE = YES;
				IPHONEOS_DEPLOYMENT_TARGET = 7.1;
				ONLY_ACTIVE_ARCH = YES;
				SDKROOT = iphoneos;
			};
			name = Debug;
		};
		A6A924571AF933A1002AA281 /* Release */ = {
			isa = XCBuildConfiguration;
			buildSettings = {
				ALWAYS_SEARCH_USER_PATHS = NO;
				CLANG_CXX_LANGUAGE_STANDARD = "gnu++0x";
				CLANG_CXX_LIBRARY = "libc++";
				CLANG_ENABLE_MODULES = YES;
				CLANG_ENABLE_OBJC_ARC = YES;
				CLANG_WARN_BOOL_CONVERSION = YES;
				CLANG_WARN_CONSTANT_CONVERSION = YES;
				CLANG_WARN_DIRECT_OBJC_ISA_USAGE = YES_ERROR;
				CLANG_WARN_EMPTY_BODY = YES;
				CLANG_WARN_ENUM_CONVERSION = YES;
				CLANG_WARN_INT_CONVERSION = YES;
				CLANG_WARN_OBJC_ROOT_CLASS = YES_ERROR;
				CLANG_WARN__DUPLICATE_METHOD_MATCH = YES;
				"CODE_SIGN_IDENTITY[sdk=iphoneos*]" = "iPhone Developer";
				COPY_PHASE_STRIP = YES;
				ENABLE_NS_ASSERTIONS = NO;
				GCC_C_LANGUAGE_STANDARD = gnu99;
				GCC_WARN_64_TO_32_BIT_CONVERSION = YES;
				GCC_WARN_ABOUT_RETURN_TYPE = YES_ERROR;
				GCC_WARN_UNDECLARED_SELECTOR = YES;
				GCC_WARN_UNINITIALIZED_AUTOS = YES_AGGRESSIVE;
				GCC_WARN_UNUSED_FUNCTION = YES;
				GCC_WARN_UNUSED_VARIABLE = YES;
				IPHONEOS_DEPLOYMENT_TARGET = 7.1;
				SDKROOT = iphoneos;
				VALIDATE_PRODUCT = YES;
			};
			name = Release;
		};
		A6A924591AF933A1002AA281 /* Debug */ = {
			isa = XCBuildConfiguration;
			buildSettings = {
				ASSETCATALOG_COMPILER_APPICON_NAME = AppIcon;
				ASSETCATALOG_COMPILER_LAUNCHIMAGE_NAME = LaunchImage;
				GCC_PRECOMPILE_PREFIX_HEADER = YES;
				GCC_PREFIX_HEADER = "HomeScreen1/HomeScreen1-Prefix.pch";
				INFOPLIST_FILE = "HomeScreen1/HomeScreen1-Info.plist";
				PRODUCT_NAME = "$(TARGET_NAME)";
				WRAPPER_EXTENSION = app;
			};
			name = Debug;
		};
		A6A9245A1AF933A1002AA281 /* Release */ = {
			isa = XCBuildConfiguration;
			buildSettings = {
				ASSETCATALOG_COMPILER_APPICON_NAME = AppIcon;
				ASSETCATALOG_COMPILER_LAUNCHIMAGE_NAME = LaunchImage;
				GCC_PRECOMPILE_PREFIX_HEADER = YES;
				GCC_PREFIX_HEADER = "HomeScreen1/HomeScreen1-Prefix.pch";
				INFOPLIST_FILE = "HomeScreen1/HomeScreen1-Info.plist";
				PRODUCT_NAME = "$(TARGET_NAME)";
				WRAPPER_EXTENSION = app;
			};
			name = Release;
		};
		A6A9245C1AF933A1002AA281 /* Debug */ = {
			isa = XCBuildConfiguration;
			buildSettings = {
				BUNDLE_LOADER = "$(BUILT_PRODUCTS_DIR)/HomeScreen1.app/HomeScreen1";
				FRAMEWORK_SEARCH_PATHS = (
					"$(SDKROOT)/Developer/Library/Frameworks",
					"$(inherited)",
					"$(DEVELOPER_FRAMEWORKS_DIR)",
				);
				GCC_PRECOMPILE_PREFIX_HEADER = YES;
				GCC_PREFIX_HEADER = "HomeScreen1/HomeScreen1-Prefix.pch";
				GCC_PREPROCESSOR_DEFINITIONS = (
					"DEBUG=1",
					"$(inherited)",
				);
				INFOPLIST_FILE = "HomeScreen1Tests/HomeScreen1Tests-Info.plist";
				PRODUCT_NAME = "$(TARGET_NAME)";
				TEST_HOST = "$(BUNDLE_LOADER)";
				WRAPPER_EXTENSION = xctest;
			};
			name = Debug;
		};
		A6A9245D1AF933A1002AA281 /* Release */ = {
			isa = XCBuildConfiguration;
			buildSettings = {
				BUNDLE_LOADER = "$(BUILT_PRODUCTS_DIR)/HomeScreen1.app/HomeScreen1";
				FRAMEWORK_SEARCH_PATHS = (
					"$(SDKROOT)/Developer/Library/Frameworks",
					"$(inherited)",
					"$(DEVELOPER_FRAMEWORKS_DIR)",
				);
				GCC_PRECOMPILE_PREFIX_HEADER = YES;
				GCC_PREFIX_HEADER = "HomeScreen1/HomeScreen1-Prefix.pch";
				INFOPLIST_FILE = "HomeScreen1Tests/HomeScreen1Tests-Info.plist";
				PRODUCT_NAME = "$(TARGET_NAME)";
				TEST_HOST = "$(BUNDLE_LOADER)";
				WRAPPER_EXTENSION = xctest;
			};
			name = Release;
		};
/* End XCBuildConfiguration section */

/* Begin XCConfigurationList section */
		A6A924211AF933A0002AA281 /* Build configuration list for PBXProject "HomeScreen1" */ = {
			isa = XCConfigurationList;
			buildConfigurations = (
				A6A924561AF933A1002AA281 /* Debug */,
				A6A924571AF933A1002AA281 /* Release */,
			);
			defaultConfigurationIsVisible = 0;
			defaultConfigurationName = Release;
		};
		A6A924581AF933A1002AA281 /* Build configuration list for PBXNativeTarget "HomeScreen1" */ = {
			isa = XCConfigurationList;
			buildConfigurations = (
				A6A924591AF933A1002AA281 /* Debug */,
				A6A9245A1AF933A1002AA281 /* Release */,
			);
			defaultConfigurationIsVisible = 0;
			defaultConfigurationName = Release;
		};
		A6A9245B1AF933A1002AA281 /* Build configuration list for PBXNativeTarget "HomeScreen1Tests" */ = {
			isa = XCConfigurationList;
			buildConfigurations = (
				A6A9245C1AF933A1002AA281 /* Debug */,
				A6A9245D1AF933A1002AA281 /* Release */,
			);
			defaultConfigurationIsVisible = 0;
			defaultConfigurationName = Release;
		};
/* End XCConfigurationList section */
	};
	rootObject = A6A9241E1AF933A0002AA281 /* Project object */;
}
